{
  "name": "clawdbot-filesystem",
  "version": "1.0.2",
  "lockfileVersion": 3,
  "requires": true,
  "packages": {
    "": {
      "name": "clawdbot-filesystem",
      "version": "1.0.2",
      "license": "MIT",
      "os": [
        "darwin",
        "linux",
        "win32"
      ],
      "bin": {
        "filesystem": "filesystem"
      },
      "engines": {
        "node": ">=14.0.0"
      }
    }
  }
}
